
Microsoft Visual Studio Solution File, Format Version 12.00
# Visual Studio Version 17
VisualStudioVersion = 17.8.34525.116
MinimumVisualStudioVersion = 10.0.40219.1
Project("{FAE04EC0-301F-11D3-BF4B-00C04F79EFBC}") = "MovieBuy", "MovieBuy\MovieBuy.csproj", "{DD5BD558-A159-453B-8C4C-95BB6D2C7682}"
EndProject
Global
	GlobalSection(SolutionConfigurationPlatforms) = preSolution
		Debug|Any CPU = Debug|Any CPU
		Release|Any CPU = Release|Any CPU
	EndGlobalSection
	GlobalSection(ProjectConfigurationPlatforms) = postSolution
		{DD5BD558-A159-453B-8C4C-95BB6D2C7682}.Debug|Any CPU.ActiveCfg = Debug|Any CPU
		{DD5BD558-A159-453B-8C4C-95BB6D2C7682}.Debug|Any CPU.Build.0 = Debug|Any CPU
		{DD5BD558-A159-453B-8C4C-95BB6D2C7682}.Release|Any CPU.ActiveCfg = Release|Any CPU
		{DD5BD558-A159-453B-8C4C-95BB6D2C7682}.Release|Any CPU.Build.0 = Release|Any CPU
	EndGlobalSection
	GlobalSection(SolutionProperties) = preSolution
		HideSolutionNode = FALSE
	EndGlobalSection
	GlobalSection(ExtensibilityGlobals) = postSolution
		SolutionGuid = {4F751018-E3AB-4499-9250-86380D12DB7A}
	EndGlobalSection
EndGlobal
